
Microsoft Visual Studio Solution File, Format Version 12.00
# Visual Studio Version 17
VisualStudioVersion = 17.9.34607.119
MinimumVisualStudioVersion = 10.0.40219.1
Project("{FAE04EC0-301F-11D3-BF4B-00C04F79EFBC}") = "BlankDocker", "BlankDocker.csproj", "{34950213-6493-4A39-A5EF-58960D02D53A}"
EndProject
Global
	GlobalSection(SolutionConfigurationPlatforms) = preSolution
		Debug|Any CPU = Debug|Any CPU
		Release|Any CPU = Release|Any CPU
	EndGlobalSection
	GlobalSection(ProjectConfigurationPlatforms) = postSolution
		{34950213-6493-4A39-A5EF-58960D02D53A}.Debug|Any CPU.ActiveCfg = Debug|Any CPU
		{34950213-6493-4A39-A5EF-58960D02D53A}.Debug|Any CPU.Build.0 = Debug|Any CPU
		{34950213-6493-4A39-A5EF-58960D02D53A}.Release|Any CPU.ActiveCfg = Release|Any CPU
		{34950213-6493-4A39-A5EF-58960D02D53A}.Release|Any CPU.Build.0 = Release|Any CPU
	EndGlobalSection
	GlobalSection(SolutionProperties) = preSolution
		HideSolutionNode = FALSE
	EndGlobalSection
	GlobalSection(ExtensibilityGlobals) = postSolution
		SolutionGuid = {DC6D0431-4899-4B54-B35F-1C3FF850FAF0}
	EndGlobalSection
EndGlobal
