
Microsoft Visual Studio Solution File, Format Version 12.00
# Visual Studio Version 17
VisualStudioVersion = 17.9.34607.119
MinimumVisualStudioVersion = 10.0.40219.1
Project("{2150E333-8FDC-42A3-9474-1A3956D46DE8}") = "Services", "Services", "{39D3F5E8-2FC2-4DFB-AC65-1389E7F87DC2}"
EndProject
Project("{2150E333-8FDC-42A3-9474-1A3956D46DE8}") = "Catalog", "Catalog", "{36030CC1-8EF5-4202-8F12-4B8F1018BDF8}"
EndProject
Project("{9A19103F-16F7-4668-BE54-9A1E7A4F7556}") = "Catalog.API", "Services\Catalog\Catalog.API\Catalog.API.csproj", "{25613882-5B47-4B3B-B8BD-6AE00842205C}"
EndProject
Project("{E53339B2-1760-4266-BCC7-CA923CBCF16C}") = "docker-compose", "docker-compose.dcproj", "{0A80887C-3647-40DC-B7F9-D0EFF9A0174D}"
EndProject
Project("{2150E333-8FDC-42A3-9474-1A3956D46DE8}") = "Ordering", "Ordering", "{8316CC87-5033-4D61-9F77-F98BE3BC871A}"
EndProject
Project("{FAE04EC0-301F-11D3-BF4B-00C04F79EFBC}") = "Ordering.API", "Services\Ordering\Ordering.API\Ordering.API.csproj", "{DE5B9E3C-DE18-4BF2-87BE-7A152DC8E7CA}"
EndProject
Project("{FAE04EC0-301F-11D3-BF4B-00C04F79EFBC}") = "Ordering.Domain", "Services\Ordering\Ordering.Domain\Ordering.Domain.csproj", "{6AB48117-D0A2-4E7F-9992-3E1CAA01EBFD}"
EndProject
Project("{FAE04EC0-301F-11D3-BF4B-00C04F79EFBC}") = "Ordering.Application", "Services\Ordering\Ordering.Application\Ordering.Application.csproj", "{84ED7D9B-4E2B-4639-A5AF-77090054B17F}"
EndProject
Project("{FAE04EC0-301F-11D3-BF4B-00C04F79EFBC}") = "Ordering.Infrastructure", "Services\Ordering\Ordering.Infrastructure\Ordering.Infrastructure.csproj", "{40D73042-A9A7-40D7-9BAE-4DF3DA52FD5A}"
EndProject
Global
	GlobalSection(SolutionConfigurationPlatforms) = preSolution
		Debug|Any CPU = Debug|Any CPU
		Release|Any CPU = Release|Any CPU
	EndGlobalSection
	GlobalSection(ProjectConfigurationPlatforms) = postSolution
		{25613882-5B47-4B3B-B8BD-6AE00842205C}.Debug|Any CPU.ActiveCfg = Debug|Any CPU
		{25613882-5B47-4B3B-B8BD-6AE00842205C}.Debug|Any CPU.Build.0 = Debug|Any CPU
		{25613882-5B47-4B3B-B8BD-6AE00842205C}.Release|Any CPU.ActiveCfg = Release|Any CPU
		{25613882-5B47-4B3B-B8BD-6AE00842205C}.Release|Any CPU.Build.0 = Release|Any CPU
		{0A80887C-3647-40DC-B7F9-D0EFF9A0174D}.Debug|Any CPU.ActiveCfg = Debug|Any CPU
		{0A80887C-3647-40DC-B7F9-D0EFF9A0174D}.Debug|Any CPU.Build.0 = Debug|Any CPU
		{0A80887C-3647-40DC-B7F9-D0EFF9A0174D}.Release|Any CPU.ActiveCfg = Release|Any CPU
		{0A80887C-3647-40DC-B7F9-D0EFF9A0174D}.Release|Any CPU.Build.0 = Release|Any CPU
		{DE5B9E3C-DE18-4BF2-87BE-7A152DC8E7CA}.Debug|Any CPU.ActiveCfg = Debug|Any CPU
		{DE5B9E3C-DE18-4BF2-87BE-7A152DC8E7CA}.Debug|Any CPU.Build.0 = Debug|Any CPU
		{DE5B9E3C-DE18-4BF2-87BE-7A152DC8E7CA}.Release|Any CPU.ActiveCfg = Release|Any CPU
		{DE5B9E3C-DE18-4BF2-87BE-7A152DC8E7CA}.Release|Any CPU.Build.0 = Release|Any CPU
		{6AB48117-D0A2-4E7F-9992-3E1CAA01EBFD}.Debug|Any CPU.ActiveCfg = Debug|Any CPU
		{6AB48117-D0A2-4E7F-9992-3E1CAA01EBFD}.Debug|Any CPU.Build.0 = Debug|Any CPU
		{6AB48117-D0A2-4E7F-9992-3E1CAA01EBFD}.Release|Any CPU.ActiveCfg = Release|Any CPU
		{6AB48117-D0A2-4E7F-9992-3E1CAA01EBFD}.Release|Any CPU.Build.0 = Release|Any CPU
		{84ED7D9B-4E2B-4639-A5AF-77090054B17F}.Debug|Any CPU.ActiveCfg = Debug|Any CPU
		{84ED7D9B-4E2B-4639-A5AF-77090054B17F}.Debug|Any CPU.Build.0 = Debug|Any CPU
		{84ED7D9B-4E2B-4639-A5AF-77090054B17F}.Release|Any CPU.ActiveCfg = Release|Any CPU
		{84ED7D9B-4E2B-4639-A5AF-77090054B17F}.Release|Any CPU.Build.0 = Release|Any CPU
		{40D73042-A9A7-40D7-9BAE-4DF3DA52FD5A}.Debug|Any CPU.ActiveCfg = Debug|Any CPU
		{40D73042-A9A7-40D7-9BAE-4DF3DA52FD5A}.Debug|Any CPU.Build.0 = Debug|Any CPU
		{40D73042-A9A7-40D7-9BAE-4DF3DA52FD5A}.Release|Any CPU.ActiveCfg = Release|Any CPU
		{40D73042-A9A7-40D7-9BAE-4DF3DA52FD5A}.Release|Any CPU.Build.0 = Release|Any CPU
	EndGlobalSection
	GlobalSection(SolutionProperties) = preSolution
		HideSolutionNode = FALSE
	EndGlobalSection
	GlobalSection(NestedProjects) = preSolution
		{36030CC1-8EF5-4202-8F12-4B8F1018BDF8} = {39D3F5E8-2FC2-4DFB-AC65-1389E7F87DC2}
		{25613882-5B47-4B3B-B8BD-6AE00842205C} = {36030CC1-8EF5-4202-8F12-4B8F1018BDF8}
		{8316CC87-5033-4D61-9F77-F98BE3BC871A} = {39D3F5E8-2FC2-4DFB-AC65-1389E7F87DC2}
		{DE5B9E3C-DE18-4BF2-87BE-7A152DC8E7CA} = {8316CC87-5033-4D61-9F77-F98BE3BC871A}
		{6AB48117-D0A2-4E7F-9992-3E1CAA01EBFD} = {8316CC87-5033-4D61-9F77-F98BE3BC871A}
		{84ED7D9B-4E2B-4639-A5AF-77090054B17F} = {8316CC87-5033-4D61-9F77-F98BE3BC871A}
		{40D73042-A9A7-40D7-9BAE-4DF3DA52FD5A} = {8316CC87-5033-4D61-9F77-F98BE3BC871A}
	EndGlobalSection
	GlobalSection(ExtensibilityGlobals) = postSolution
		SolutionGuid = {AD00A926-845F-40D6-BF95-D7A6BA9A854E}
	EndGlobalSection
EndGlobal
